// !$*UTF8*$!
{
	archiveVersion = 1;
	classes = {
	};
	objectVersion = 56;
	objects = {

/* Begin PBXBuildFile section */
		240428E62A1399140019FBB5 /* LeisurioAppApp.swift in Sources */ = {isa = PBXBuildFile; fileRef = 240428E52A1399140019FBB5 /* LeisurioAppApp.swift */; };
		240428E82A1399140019FBB5 /* ContentView.swift in Sources */ = {isa = PBXBuildFile; fileRef = 240428E72A1399140019FBB5 /* ContentView.swift */; };
		240428EA2A13991C0019FBB5 /* Assets.xcassets in Resources */ = {isa = PBXBuildFile; fileRef = 240428E92A13991C0019FBB5 /* Assets.xcassets */; };
		240428ED2A13991C0019FBB5 /* Preview Assets.xcassets in Resources */ = {isa = PBXBuildFile; fileRef = 240428EC2A13991C0019FBB5 /* Preview Assets.xcassets */; };
		240428F42A139CB00019FBB5 /* GoogleService-Info.plist in Resources */ = {isa = PBXBuildFile; fileRef = 240428F32A139CB00019FBB5 /* GoogleService-Info.plist */; };
		240428F72A13A1D30019FBB5 /* FirebaseAnalytics in Frameworks */ = {isa = PBXBuildFile; productRef = 240428F62A13A1D30019FBB5 /* FirebaseAnalytics */; };
		240428F92A13A1D30019FBB5 /* FirebaseAnalyticsSwift in Frameworks */ = {isa = PBXBuildFile; productRef = 240428F82A13A1D30019FBB5 /* FirebaseAnalyticsSwift */; };
		240428FB2A13A1D30019FBB5 /* FirebaseAnalyticsWithoutAdIdSupport in Frameworks */ = {isa = PBXBuildFile; productRef = 240428FA2A13A1D30019FBB5 /* FirebaseAnalyticsWithoutAdIdSupport */; };
		240429012A13F8650019FBB5 /* AuthenticationView.swift in Sources */ = {isa = PBXBuildFile; fileRef = 240429002A13F8650019FBB5 /* AuthenticationView.swift */; };
		240429032A13F89F0019FBB5 /* SignInEmailView.swift in Sources */ = {isa = PBXBuildFile; fileRef = 240429022A13F89F0019FBB5 /* SignInEmailView.swift */; };
		240429052A13F90E0019FBB5 /* AuthenticationManager.swift in Sources */ = {isa = PBXBuildFile; fileRef = 240429042A13F90E0019FBB5 /* AuthenticationManager.swift */; };
		240429072A13FB1F0019FBB5 /* RootView.swift in Sources */ = {isa = PBXBuildFile; fileRef = 240429062A13FB1F0019FBB5 /* RootView.swift */; };
		240429092A13FEAE0019FBB5 /* SettingsView.swift in Sources */ = {isa = PBXBuildFile; fileRef = 240429082A13FEAE0019FBB5 /* SettingsView.swift */; };
		2404290C2A15038F0019FBB5 /* GoogleSignIn in Frameworks */ = {isa = PBXBuildFile; productRef = 2404290B2A15038F0019FBB5 /* GoogleSignIn */; };
		2404290E2A15038F0019FBB5 /* GoogleSignInSwift in Frameworks */ = {isa = PBXBuildFile; productRef = 2404290D2A15038F0019FBB5 /* GoogleSignInSwift */; };
		240429122A1508760019FBB5 /* Utilities.swift in Sources */ = {isa = PBXBuildFile; fileRef = 240429112A1508760019FBB5 /* Utilities.swift */; };
		240429142A1514320019FBB5 /* SignInGoogleHelper.swift in Sources */ = {isa = PBXBuildFile; fileRef = 240429132A1514320019FBB5 /* SignInGoogleHelper.swift */; };
		2404294C2A1E96790019FBB5 /* FirebaseFirestore in Frameworks */ = {isa = PBXBuildFile; productRef = 2404294B2A1E96790019FBB5 /* FirebaseFirestore */; };
		2404294E2A1E96790019FBB5 /* FirebaseFirestoreSwift in Frameworks */ = {isa = PBXBuildFile; productRef = 2404294D2A1E96790019FBB5 /* FirebaseFirestoreSwift */; };
		240429522A1E978D0019FBB5 /* SettingsViewModel.swift in Sources */ = {isa = PBXBuildFile; fileRef = 240429512A1E978D0019FBB5 /* SettingsViewModel.swift */; };
		240429552A1F95B60019FBB5 /* AuthenticationViewModel.swift in Sources */ = {isa = PBXBuildFile; fileRef = 240429542A1F95B60019FBB5 /* AuthenticationViewModel.swift */; };
		240429582A1F961D0019FBB5 /* SignInEmailViewModel.swift in Sources */ = {isa = PBXBuildFile; fileRef = 240429572A1F961D0019FBB5 /* SignInEmailViewModel.swift */; };
		240429622A1F9B3E0019FBB5 /* StatisticsView.swift in Sources */ = {isa = PBXBuildFile; fileRef = 240429612A1F9B3E0019FBB5 /* StatisticsView.swift */; };
		240429642A1F9B750019FBB5 /* MainView.swift in Sources */ = {isa = PBXBuildFile; fileRef = 240429632A1F9B750019FBB5 /* MainView.swift */; };
		240429662A1F9C8C0019FBB5 /* ScreenView.swift in Sources */ = {isa = PBXBuildFile; fileRef = 240429652A1F9C8C0019FBB5 /* ScreenView.swift */; };
		2404296B2A1FACE90019FBB5 /* ProfileView.swift in Sources */ = {isa = PBXBuildFile; fileRef = 2404296A2A1FACE90019FBB5 /* ProfileView.swift */; };
		2404296D2A1FAD010019FBB5 /* ProfileViewModel.swift in Sources */ = {isa = PBXBuildFile; fileRef = 2404296C2A1FAD010019FBB5 /* ProfileViewModel.swift */; };
		240429702A1FAF8E0019FBB5 /* UserManager.swift in Sources */ = {isa = PBXBuildFile; fileRef = 2404296F2A1FAF8E0019FBB5 /* UserManager.swift */; };
		240429752A1FC9960019FBB5 /* StatisticsViewModel.swift in Sources */ = {isa = PBXBuildFile; fileRef = 240429742A1FC9960019FBB5 /* StatisticsViewModel.swift */; };
		240429772A1FF4AA0019FBB5 /* RestManager.swift in Sources */ = {isa = PBXBuildFile; fileRef = 240429762A1FF4A90019FBB5 /* RestManager.swift */; };
		240429792A2015310019FBB5 /* MainViewModel.swift in Sources */ = {isa = PBXBuildFile; fileRef = 240429782A2015310019FBB5 /* MainViewModel.swift */; };
		2404297B2A20CF6C0019FBB5 /* BarView.swift in Sources */ = {isa = PBXBuildFile; fileRef = 2404297A2A20CF6C0019FBB5 /* BarView.swift */; };
		2404297D2A20D27D0019FBB5 /* UserModel.swift in Sources */ = {isa = PBXBuildFile; fileRef = 2404297C2A20D27D0019FBB5 /* UserModel.swift */; };
		2404297F2A20D2A20019FBB5 /* RestModel.swift in Sources */ = {isa = PBXBuildFile; fileRef = 2404297E2A20D2A20019FBB5 /* RestModel.swift */; };
		24253ADE2A20D75E00E48764 /* FirebaseAuth in Frameworks */ = {isa = PBXBuildFile; productRef = 24253ADD2A20D75E00E48764 /* FirebaseAuth */; };
		24253AE12A20E1BF00E48764 /* NotificationManager.swift in Sources */ = {isa = PBXBuildFile; fileRef = 24253AE02A20E1BF00E48764 /* NotificationManager.swift */; };
/* End PBXBuildFile section */

/* Begin PBXFileReference section */
		240428E22A1399140019FBB5 /* LeisurioApp.app */ = {isa = PBXFileReference; explicitFileType = wrapper.application; includeInIndex = 0; path = LeisurioApp.app; sourceTree = BUILT_PRODUCTS_DIR; };
		240428E52A1399140019FBB5 /* LeisurioAppApp.swift */ = {isa = PBXFileReference; lastKnownFileType = sourcecode.swift; path = LeisurioAppApp.swift; sourceTree = "<group>"; };
		240428E72A1399140019FBB5 /* ContentView.swift */ = {isa = PBXFileReference; lastKnownFileType = sourcecode.swift; path = ContentView.swift; sourceTree = "<group>"; };
		240428E92A13991C0019FBB5 /* Assets.xcassets */ = {isa = PBXFileReference; lastKnownFileType = folder.assetcatalog; path = Assets.xcassets; sourceTree = "<group>"; };
		240428EC2A13991C0019FBB5 /* Preview Assets.xcassets */ = {isa = PBXFileReference; lastKnownFileType = folder.assetcatalog; path = "Preview Assets.xcassets"; sourceTree = "<group>"; };
		240428F32A139CB00019FBB5 /* GoogleService-Info.plist */ = {isa = PBXFileReference; fileEncoding = 4; lastKnownFileType = text.plist.xml; path = "GoogleService-Info.plist"; sourceTree = "<group>"; };
		240429002A13F8650019FBB5 /* AuthenticationView.swift */ = {isa = PBXFileReference; lastKnownFileType = sourcecode.swift; path = AuthenticationView.swift; sourceTree = "<group>"; };
		240429022A13F89F0019FBB5 /* SignInEmailView.swift */ = {isa = PBXFileReference; lastKnownFileType = sourcecode.swift; path = SignInEmailView.swift; sourceTree = "<group>"; };
		240429042A13F90E0019FBB5 /* AuthenticationManager.swift */ = {isa = PBXFileReference; lastKnownFileType = sourcecode.swift; path = AuthenticationManager.swift; sourceTree = "<group>"; };
		240429062A13FB1F0019FBB5 /* RootView.swift */ = {isa = PBXFileReference; lastKnownFileType = sourcecode.swift; path = RootView.swift; sourceTree = "<group>"; };
		240429082A13FEAE0019FBB5 /* SettingsView.swift */ = {isa = PBXFileReference; lastKnownFileType = sourcecode.swift; path = SettingsView.swift; sourceTree = "<group>"; };
		2404290F2A1504150019FBB5 /* Info.plist */ = {isa = PBXFileReference; lastKnownFileType = text.plist; path = Info.plist; sourceTree = "<group>"; };
		240429112A1508760019FBB5 /* Utilities.swift */ = {isa = PBXFileReference; lastKnownFileType = sourcecode.swift; path = Utilities.swift; sourceTree = "<group>"; };
		240429132A1514320019FBB5 /* SignInGoogleHelper.swift */ = {isa = PBXFileReference; lastKnownFileType = sourcecode.swift; path = SignInGoogleHelper.swift; sourceTree = "<group>"; };
		240429512A1E978D0019FBB5 /* SettingsViewModel.swift */ = {isa = PBXFileReference; lastKnownFileType = sourcecode.swift; path = SettingsViewModel.swift; sourceTree = "<group>"; };
		240429542A1F95B60019FBB5 /* AuthenticationViewModel.swift */ = {isa = PBXFileReference; lastKnownFileType = sourcecode.swift; path = AuthenticationViewModel.swift; sourceTree = "<group>"; };
		240429572A1F961D0019FBB5 /* SignInEmailViewModel.swift */ = {isa = PBXFileReference; lastKnownFileType = sourcecode.swift; path = SignInEmailViewModel.swift; sourceTree = "<group>"; };
		240429612A1F9B3E0019FBB5 /* StatisticsView.swift */ = {isa = PBXFileReference; lastKnownFileType = sourcecode.swift; path = StatisticsView.swift; sourceTree = "<group>"; };
		240429632A1F9B750019FBB5 /* MainView.swift */ = {isa = PBXFileReference; lastKnownFileType = sourcecode.swift; path = MainView.swift; sourceTree = "<group>"; };
		240429652A1F9C8C0019FBB5 /* ScreenView.swift */ = {isa = PBXFileReference; lastKnownFileType = sourcecode.swift; path = ScreenView.swift; sourceTree = "<group>"; };
		2404296A2A1FACE90019FBB5 /* ProfileView.swift */ = {isa = PBXFileReference; lastKnownFileType = sourcecode.swift; path = ProfileView.swift; sourceTree = "<group>"; };
		2404296C2A1FAD010019FBB5 /* ProfileViewModel.swift */ = {isa = PBXFileReference; lastKnownFileType = sourcecode.swift; path = ProfileViewModel.swift; sourceTree = "<group>"; };
		2404296F2A1FAF8E0019FBB5 /* UserManager.swift */ = {isa = PBXFileReference; lastKnownFileType = sourcecode.swift; path = UserManager.swift; sourceTree = "<group>"; };
		240429742A1FC9960019FBB5 /* StatisticsViewModel.swift */ = {isa = PBXFileReference; lastKnownFileType = sourcecode.swift; path = StatisticsViewModel.swift; sourceTree = "<group>"; };
		240429762A1FF4A90019FBB5 /* RestManager.swift */ = {isa = PBXFileReference; lastKnownFileType = sourcecode.swift; path = RestManager.swift; sourceTree = "<group>"; };
		240429782A2015310019FBB5 /* MainViewModel.swift */ = {isa = PBXFileReference; lastKnownFileType = sourcecode.swift; path = MainViewModel.swift; sourceTree = "<group>"; };
		2404297A2A20CF6C0019FBB5 /* BarView.swift */ = {isa = PBXFileReference; lastKnownFileType = sourcecode.swift; path = BarView.swift; sourceTree = "<group>"; };
		2404297C2A20D27D0019FBB5 /* UserModel.swift */ = {isa = PBXFileReference; lastKnownFileType = sourcecode.swift; path = UserModel.swift; sourceTree = "<group>"; };
		2404297E2A20D2A20019FBB5 /* RestModel.swift */ = {isa = PBXFileReference; lastKnownFileType = sourcecode.swift; path = RestModel.swift; sourceTree = "<group>"; };
		24253AE02A20E1BF00E48764 /* NotificationManager.swift */ = {isa = PBXFileReference; lastKnownFileType = sourcecode.swift; path = NotificationManager.swift; sourceTree = "<group>"; };
/* End PBXFileReference section */

/* Begin PBXFrameworksBuildPhase section */
		240428DF2A1399140019FBB5 /* Frameworks */ = {
			isa = PBXFrameworksBuildPhase;
			buildActionMask = 2147483647;
			files = (
				2404290C2A15038F0019FBB5 /* GoogleSignIn in Frameworks */,
				240428F92A13A1D30019FBB5 /* FirebaseAnalyticsSwift in Frameworks */,
				240428FB2A13A1D30019FBB5 /* FirebaseAnalyticsWithoutAdIdSupport in Frameworks */,
				2404290E2A15038F0019FBB5 /* GoogleSignInSwift in Frameworks */,
				240428F72A13A1D30019FBB5 /* FirebaseAnalytics in Frameworks */,
				2404294C2A1E96790019FBB5 /* FirebaseFirestore in Frameworks */,
				2404294E2A1E96790019FBB5 /* FirebaseFirestoreSwift in Frameworks */,
				24253ADE2A20D75E00E48764 /* FirebaseAuth in Frameworks */,
			);
			runOnlyForDeploymentPostprocessing = 0;
		};
/* End PBXFrameworksBuildPhase section */

/* Begin PBXGroup section */
		240428D92A1399140019FBB5 = {
			isa = PBXGroup;
			children = (
				240428E42A1399140019FBB5 /* LeisurioApp */,
				240428E32A1399140019FBB5 /* Products */,
				240428FC2A13F7600019FBB5 /* Frameworks */,
			);
			sourceTree = "<group>";
		};
		240428E32A1399140019FBB5 /* Products */ = {
			isa = PBXGroup;
			children = (
				240428E22A1399140019FBB5 /* LeisurioApp.app */,
			);
			name = Products;
			sourceTree = "<group>";
		};
		240428E42A1399140019FBB5 /* LeisurioApp */ = {
			isa = PBXGroup;
			children = (
				24253ADF2A20E1A700E48764 /* Notifications */,
				2404296E2A1FAF780019FBB5 /* FireStore */,
				2404294F2A1E96ED0019FBB5 /* Core */,
				240429102A15085E0019FBB5 /* Utilities */,
				2404290F2A1504150019FBB5 /* Info.plist */,
				240428FF2A13F8370019FBB5 /* Authentication */,
				240428E52A1399140019FBB5 /* LeisurioAppApp.swift */,
				240428E72A1399140019FBB5 /* ContentView.swift */,
				240428F32A139CB00019FBB5 /* GoogleService-Info.plist */,
				240428E92A13991C0019FBB5 /* Assets.xcassets */,
				240428EB2A13991C0019FBB5 /* Preview Content */,
			);
			path = LeisurioApp;
			sourceTree = "<group>";
		};
		240428EB2A13991C0019FBB5 /* Preview Content */ = {
			isa = PBXGroup;
			children = (
				240428EC2A13991C0019FBB5 /* Preview Assets.xcassets */,
			);
			path = "Preview Content";
			sourceTree = "<group>";
		};
		240428FC2A13F7600019FBB5 /* Frameworks */ = {
			isa = PBXGroup;
			children = (
			);
			name = Frameworks;
			sourceTree = "<group>";
		};
		240428FF2A13F8370019FBB5 /* Authentication */ = {
			isa = PBXGroup;
			children = (
				240429132A1514320019FBB5 /* SignInGoogleHelper.swift */,
				240429042A13F90E0019FBB5 /* AuthenticationManager.swift */,
			);
			path = Authentication;
			sourceTree = "<group>";
		};
		240429102A15085E0019FBB5 /* Utilities */ = {
			isa = PBXGroup;
			children = (
				240429112A1508760019FBB5 /* Utilities.swift */,
			);
			path = Utilities;
			sourceTree = "<group>";
		};
		2404294F2A1E96ED0019FBB5 /* Core */ = {
			isa = PBXGroup;
			children = (
				2404295E2A1F9AA10019FBB5 /* Views */,
				240429062A13FB1F0019FBB5 /* RootView.swift */,
				240429652A1F9C8C0019FBB5 /* ScreenView.swift */,
				240429532A1F957D0019FBB5 /* Authentication */,
			);
			path = Core;
			sourceTree = "<group>";
		};
		240429502A1E97730019FBB5 /* Settings */ = {
			isa = PBXGroup;
			children = (
				240429082A13FEAE0019FBB5 /* SettingsView.swift */,
				240429512A1E978D0019FBB5 /* SettingsViewModel.swift */,
			);
			path = Settings;
			sourceTree = "<group>";
		};
		240429532A1F957D0019FBB5 /* Authentication */ = {
			isa = PBXGroup;
			children = (
				240429562A1F95F30019FBB5 /* Subviews */,
				240429002A13F8650019FBB5 /* AuthenticationView.swift */,
				240429542A1F95B60019FBB5 /* AuthenticationViewModel.swift */,
			);
			path = Authentication;
			sourceTree = "<group>";
		};
		240429562A1F95F30019FBB5 /* Subviews */ = {
			isa = PBXGroup;
			children = (
				240429022A13F89F0019FBB5 /* SignInEmailView.swift */,
				240429572A1F961D0019FBB5 /* SignInEmailViewModel.swift */,
			);
			path = Subviews;
			sourceTree = "<group>";
		};
		2404295E2A1F9AA10019FBB5 /* Views */ = {
			isa = PBXGroup;
			children = (
				240429692A1FACD00019FBB5 /* Profile */,
				240429672A1FA1BB0019FBB5 /* Main */,
				240429682A1FA1C10019FBB5 /* Statistics */,
				240429502A1E97730019FBB5 /* Settings */,
			);
			path = Views;
			sourceTree = "<group>";
		};
		240429672A1FA1BB0019FBB5 /* Main */ = {
			isa = PBXGroup;
			children = (
				240429632A1F9B750019FBB5 /* MainView.swift */,
				240429782A2015310019FBB5 /* MainViewModel.swift */,
			);
			path = Main;
			sourceTree = "<group>";
		};
		240429682A1FA1C10019FBB5 /* Statistics */ = {
			isa = PBXGroup;
			children = (
				240429612A1F9B3E0019FBB5 /* StatisticsView.swift */,
				2404297A2A20CF6C0019FBB5 /* BarView.swift */,
				240429742A1FC9960019FBB5 /* StatisticsViewModel.swift */,
			);
			path = Statistics;
			sourceTree = "<group>";
		};
		240429692A1FACD00019FBB5 /* Profile */ = {
			isa = PBXGroup;
			children = (
				2404296A2A1FACE90019FBB5 /* ProfileView.swift */,
				2404296C2A1FAD010019FBB5 /* ProfileViewModel.swift */,
			);
			path = Profile;
			sourceTree = "<group>";
		};
		2404296E2A1FAF780019FBB5 /* FireStore */ = {
			isa = PBXGroup;
			children = (
				240429812A20D36D0019FBB5 /* Rest */,
				240429802A20D3590019FBB5 /* User */,
			);
			path = FireStore;
			sourceTree = "<group>";
		};
		240429802A20D3590019FBB5 /* User */ = {
			isa = PBXGroup;
			children = (
				2404296F2A1FAF8E0019FBB5 /* UserManager.swift */,
				2404297C2A20D27D0019FBB5 /* UserModel.swift */,
			);
			path = User;
			sourceTree = "<group>";
		};
		240429812A20D36D0019FBB5 /* Rest */ = {
			isa = PBXGroup;
			children = (
				240429762A1FF4A90019FBB5 /* RestManager.swift */,
				2404297E2A20D2A20019FBB5 /* RestModel.swift */,
			);
			path = Rest;
			sourceTree = "<group>";
		};
		24253ADF2A20E1A700E48764 /* Notifications */ = {
			isa = PBXGroup;
			children = (
				24253AE02A20E1BF00E48764 /* NotificationManager.swift */,
			);
			path = Notifications;
			sourceTree = "<group>";
		};
/* End PBXGroup section */

/* Begin PBXNativeTarget section */
		240428E12A1399140019FBB5 /* LeisurioApp */ = {
			isa = PBXNativeTarget;
			buildConfigurationList = 240428F02A13991C0019FBB5 /* Build configuration list for PBXNativeTarget "LeisurioApp" */;
			buildPhases = (
				240428DE2A1399140019FBB5 /* Sources */,
				240428DF2A1399140019FBB5 /* Frameworks */,
				240428E02A1399140019FBB5 /* Resources */,
			);
			buildRules = (
			);
			dependencies = (
			);
			name = LeisurioApp;
			packageProductDependencies = (
				240428F62A13A1D30019FBB5 /* FirebaseAnalytics */,
				240428F82A13A1D30019FBB5 /* FirebaseAnalyticsSwift */,
				240428FA2A13A1D30019FBB5 /* FirebaseAnalyticsWithoutAdIdSupport */,
				2404290B2A15038F0019FBB5 /* GoogleSignIn */,
				2404290D2A15038F0019FBB5 /* GoogleSignInSwift */,
				2404294B2A1E96790019FBB5 /* FirebaseFirestore */,
				2404294D2A1E96790019FBB5 /* FirebaseFirestoreSwift */,
				24253ADD2A20D75E00E48764 /* FirebaseAuth */,
			);
			productName = LeisurioApp;
			productReference = 240428E22A1399140019FBB5 /* LeisurioApp.app */;
			productType = "com.apple.product-type.application";
		};
/* End PBXNativeTarget section */

/* Begin PBXProject section */
		240428DA2A1399140019FBB5 /* Project object */ = {
			isa = PBXProject;
			attributes = {
				BuildIndependentTargetsInParallel = 1;
				LastSwiftUpdateCheck = 1430;
				LastUpgradeCheck = 1430;
				TargetAttributes = {
					240428E12A1399140019FBB5 = {
						CreatedOnToolsVersion = 14.3;
					};
				};
			};
			buildConfigurationList = 240428DD2A1399140019FBB5 /* Build configuration list for PBXProject "LeisurioApp" */;
			compatibilityVersion = "Xcode 14.0";
			developmentRegion = en;
			hasScannedForEncodings = 0;
			knownRegions = (
				en,
				Base,
			);
			mainGroup = 240428D92A1399140019FBB5;
			packageReferences = (
				240428F52A13A1D30019FBB5 /* XCRemoteSwiftPackageReference "firebase-ios-sdk" */,
				2404290A2A15038E0019FBB5 /* XCRemoteSwiftPackageReference "GoogleSignIn-iOS" */,
				240429712A1FBB930019FBB5 /* XCRemoteSwiftPackageReference "JTAppleCalendar" */,
			);
			productRefGroup = 240428E32A1399140019FBB5 /* Products */;
			projectDirPath = "";
			projectRoot = "";
			targets = (
				240428E12A1399140019FBB5 /* LeisurioApp */,
			);
		};
/* End PBXProject section */

/* Begin PBXResourcesBuildPhase section */
		240428E02A1399140019FBB5 /* Resources */ = {
			isa = PBXResourcesBuildPhase;
			buildActionMask = 2147483647;
			files = (
				240428ED2A13991C0019FBB5 /* Preview Assets.xcassets in Resources */,
				240428F42A139CB00019FBB5 /* GoogleService-Info.plist in Resources */,
				240428EA2A13991C0019FBB5 /* Assets.xcassets in Resources */,
			);
			runOnlyForDeploymentPostprocessing = 0;
		};
/* End PBXResourcesBuildPhase section */

/* Begin PBXSourcesBuildPhase section */
		240428DE2A1399140019FBB5 /* Sources */ = {
			isa = PBXSourcesBuildPhase;
			buildActionMask = 2147483647;
			files = (
				240429702A1FAF8E0019FBB5 /* UserManager.swift in Sources */,
				240429772A1FF4AA0019FBB5 /* RestManager.swift in Sources */,
				240429092A13FEAE0019FBB5 /* SettingsView.swift in Sources */,
				240428E82A1399140019FBB5 /* ContentView.swift in Sources */,
				240428E62A1399140019FBB5 /* LeisurioAppApp.swift in Sources */,
				240429622A1F9B3E0019FBB5 /* StatisticsView.swift in Sources */,
				240429072A13FB1F0019FBB5 /* RootView.swift in Sources */,
				240429552A1F95B60019FBB5 /* AuthenticationViewModel.swift in Sources */,
				2404297D2A20D27D0019FBB5 /* UserModel.swift in Sources */,
				240429582A1F961D0019FBB5 /* SignInEmailViewModel.swift in Sources */,
				240429142A1514320019FBB5 /* SignInGoogleHelper.swift in Sources */,
				2404296B2A1FACE90019FBB5 /* ProfileView.swift in Sources */,
				240429752A1FC9960019FBB5 /* StatisticsViewModel.swift in Sources */,
				2404297B2A20CF6C0019FBB5 /* BarView.swift in Sources */,
				240429522A1E978D0019FBB5 /* SettingsViewModel.swift in Sources */,
				240429662A1F9C8C0019FBB5 /* ScreenView.swift in Sources */,
				240429792A2015310019FBB5 /* MainViewModel.swift in Sources */,
				2404297F2A20D2A20019FBB5 /* RestModel.swift in Sources */,
				240429012A13F8650019FBB5 /* AuthenticationView.swift in Sources */,
				240429052A13F90E0019FBB5 /* AuthenticationManager.swift in Sources */,
				2404296D2A1FAD010019FBB5 /* ProfileViewModel.swift in Sources */,
				240429122A1508760019FBB5 /* Utilities.swift in Sources */,
				24253AE12A20E1BF00E48764 /* NotificationManager.swift in Sources */,
				240429642A1F9B750019FBB5 /* MainView.swift in Sources */,
				240429032A13F89F0019FBB5 /* SignInEmailView.swift in Sources */,
			);
			runOnlyForDeploymentPostprocessing = 0;
		};
/* End PBXSourcesBuildPhase section */

/* Begin XCBuildConfiguration section */
		240428EE2A13991C0019FBB5 /* Debug */ = {
			isa = XCBuildConfiguration;
			buildSettings = {
				ALWAYS_SEARCH_USER_PATHS = NO;
				CLANG_ANALYZER_NONNULL = YES;
				CLANG_ANALYZER_NUMBER_OBJECT_CONVERSION = YES_AGGRESSIVE;
				CLANG_CXX_LANGUAGE_STANDARD = "gnu++20";
				CLANG_ENABLE_MODULES = YES;
				CLANG_ENABLE_OBJC_ARC = YES;
				CLANG_ENABLE_OBJC_WEAK = YES;
				CLANG_WARN_BLOCK_CAPTURE_AUTORELEASING = YES;
				CLANG_WARN_BOOL_CONVERSION = YES;
				CLANG_WARN_COMMA = YES;
				CLANG_WARN_CONSTANT_CONVERSION = YES;
				CLANG_WARN_DEPRECATED_OBJC_IMPLEMENTATIONS = YES;
				CLANG_WARN_DIRECT_OBJC_ISA_USAGE = YES_ERROR;
				CLANG_WARN_DOCUMENTATION_COMMENTS = YES;
				CLANG_WARN_EMPTY_BODY = YES;
				CLANG_WARN_ENUM_CONVERSION = YES;
				CLANG_WARN_INFINITE_RECURSION = YES;
				CLANG_WARN_INT_CONVERSION = YES;
				CLANG_WARN_NON_LITERAL_NULL_CONVERSION = YES;
				CLANG_WARN_OBJC_IMPLICIT_RETAIN_SELF = YES;
				CLANG_WARN_OBJC_LITERAL_CONVERSION = YES;
				CLANG_WARN_OBJC_ROOT_CLASS = YES_ERROR;
				CLANG_WARN_QUOTED_INCLUDE_IN_FRAMEWORK_HEADER = YES;
				CLANG_WARN_RANGE_LOOP_ANALYSIS = YES;
				CLANG_WARN_STRICT_PROTOTYPES = YES;
				CLANG_WARN_SUSPICIOUS_MOVE = YES;
				CLANG_WARN_UNGUARDED_AVAILABILITY = YES_AGGRESSIVE;
				CLANG_WARN_UNREACHABLE_CODE = YES;
				CLANG_WARN__DUPLICATE_METHOD_MATCH = YES;
				COPY_PHASE_STRIP = NO;
				DEBUG_INFORMATION_FORMAT = dwarf;
				ENABLE_STRICT_OBJC_MSGSEND = YES;
				ENABLE_TESTABILITY = YES;
				GCC_C_LANGUAGE_STANDARD = gnu11;
				GCC_DYNAMIC_NO_PIC = NO;
				GCC_NO_COMMON_BLOCKS = YES;
				GCC_OPTIMIZATION_LEVEL = 0;
				GCC_PREPROCESSOR_DEFINITIONS = (
					"DEBUG=1",
					"$(inherited)",
				);
				GCC_WARN_64_TO_32_BIT_CONVERSION = YES;
				GCC_WARN_ABOUT_RETURN_TYPE = YES_ERROR;
				GCC_WARN_UNDECLARED_SELECTOR = YES;
				GCC_WARN_UNINITIALIZED_AUTOS = YES_AGGRESSIVE;
				GCC_WARN_UNUSED_FUNCTION = YES;
				GCC_WARN_UNUSED_VARIABLE = YES;
				IPHONEOS_DEPLOYMENT_TARGET = 16.4;
				MTL_ENABLE_DEBUG_INFO = INCLUDE_SOURCE;
				MTL_FAST_MATH = YES;
				ONLY_ACTIVE_ARCH = YES;
				SDKROOT = iphoneos;
				SWIFT_ACTIVE_COMPILATION_CONDITIONS = DEBUG;
				SWIFT_OPTIMIZATION_LEVEL = "-Onone";
			};
			name = Debug;
		};
		240428EF2A13991C0019FBB5 /* Release */ = {
			isa = XCBuildConfiguration;
			buildSettings = {
				ALWAYS_SEARCH_USER_PATHS = NO;
				CLANG_ANALYZER_NONNULL = YES;
				CLANG_ANALYZER_NUMBER_OBJECT_CONVERSION = YES_AGGRESSIVE;
				CLANG_CXX_LANGUAGE_STANDARD = "gnu++20";
				CLANG_ENABLE_MODULES = YES;
				CLANG_ENABLE_OBJC_ARC = YES;
				CLANG_ENABLE_OBJC_WEAK = YES;
				CLANG_WARN_BLOCK_CAPTURE_AUTORELEASING = YES;
				CLANG_WARN_BOOL_CONVERSION = YES;
				CLANG_WARN_COMMA = YES;
				CLANG_WARN_CONSTANT_CONVERSION = YES;
				CLANG_WARN_DEPRECATED_OBJC_IMPLEMENTATIONS = YES;
				CLANG_WARN_DIRECT_OBJC_ISA_USAGE = YES_ERROR;
				CLANG_WARN_DOCUMENTATION_COMMENTS = YES;
				CLANG_WARN_EMPTY_BODY = YES;
				CLANG_WARN_ENUM_CONVERSION = YES;
				CLANG_WARN_INFINITE_RECURSION = YES;
				CLANG_WARN_INT_CONVERSION = YES;
				CLANG_WARN_NON_LITERAL_NULL_CONVERSION = YES;
				CLANG_WARN_OBJC_IMPLICIT_RETAIN_SELF = YES;
				CLANG_WARN_OBJC_LITERAL_CONVERSION = YES;
				CLANG_WARN_OBJC_ROOT_CLASS = YES_ERROR;
				CLANG_WARN_QUOTED_INCLUDE_IN_FRAMEWORK_HEADER = YES;
				CLANG_WARN_RANGE_LOOP_ANALYSIS = YES;
				CLANG_WARN_STRICT_PROTOTYPES = YES;
				CLANG_WARN_SUSPICIOUS_MOVE = YES;
				CLANG_WARN_UNGUARDED_AVAILABILITY = YES_AGGRESSIVE;
				CLANG_WARN_UNREACHABLE_CODE = YES;
				CLANG_WARN__DUPLICATE_METHOD_MATCH = YES;
				COPY_PHASE_STRIP = NO;
				DEBUG_INFORMATION_FORMAT = "dwarf-with-dsym";
				ENABLE_NS_ASSERTIONS = NO;
				ENABLE_STRICT_OBJC_MSGSEND = YES;
				GCC_C_LANGUAGE_STANDARD = gnu11;
				GCC_NO_COMMON_BLOCKS = YES;
				GCC_WARN_64_TO_32_BIT_CONVERSION = YES;
				GCC_WARN_ABOUT_RETURN_TYPE = YES_ERROR;
				GCC_WARN_UNDECLARED_SELECTOR = YES;
				GCC_WARN_UNINITIALIZED_AUTOS = YES_AGGRESSIVE;
				GCC_WARN_UNUSED_FUNCTION = YES;
				GCC_WARN_UNUSED_VARIABLE = YES;
				IPHONEOS_DEPLOYMENT_TARGET = 16.4;
				MTL_ENABLE_DEBUG_INFO = NO;
				MTL_FAST_MATH = YES;
				SDKROOT = iphoneos;
				SWIFT_COMPILATION_MODE = wholemodule;
				SWIFT_OPTIMIZATION_LEVEL = "-O";
				VALIDATE_PRODUCT = YES;
			};
			name = Release;
		};
		240428F12A13991C0019FBB5 /* Debug */ = {
			isa = XCBuildConfiguration;
			buildSettings = {
				ASSETCATALOG_COMPILER_APPICON_NAME = AppIcon;
				ASSETCATALOG_COMPILER_GLOBAL_ACCENT_COLOR_NAME = AccentColor;
				CODE_SIGN_STYLE = Automatic;
				CURRENT_PROJECT_VERSION = 1;
				DEVELOPMENT_ASSET_PATHS = "\"LeisurioApp/Preview Content\"";
				DEVELOPMENT_TEAM = BZU669X3M2;
				ENABLE_PREVIEWS = YES;
				GENERATE_INFOPLIST_FILE = YES;
				INFOPLIST_FILE = LeisurioApp/Info.plist;
				INFOPLIST_KEY_UIApplicationSceneManifest_Generation = YES;
				INFOPLIST_KEY_UIApplicationSupportsIndirectInputEvents = YES;
				INFOPLIST_KEY_UILaunchScreen_Generation = YES;
				INFOPLIST_KEY_UISupportedInterfaceOrientations_iPad = "UIInterfaceOrientationPortrait UIInterfaceOrientationPortraitUpsideDown UIInterfaceOrientationLandscapeLeft UIInterfaceOrientationLandscapeRight";
				INFOPLIST_KEY_UISupportedInterfaceOrientations_iPhone = "UIInterfaceOrientationPortrait UIInterfaceOrientationLandscapeLeft UIInterfaceOrientationLandscapeRight";
				LD_RUNPATH_SEARCH_PATHS = (
					"$(inherited)",
					"@executable_path/Frameworks",
				);
				MARKETING_VERSION = 1.0;
				PRODUCT_BUNDLE_IDENTIFIER = com.vladvelik.LeisurioApp;
				PRODUCT_NAME = "$(TARGET_NAME)";
				SWIFT_EMIT_LOC_STRINGS = YES;
				SWIFT_VERSION = 5.0;
				TARGETED_DEVICE_FAMILY = "1,2";
			};
			name = Debug;
		};
		240428F22A13991C0019FBB5 /* Release */ = {
			isa = XCBuildConfiguration;
			buildSettings = {
				ASSETCATALOG_COMPILER_APPICON_NAME = AppIcon;
				ASSETCATALOG_COMPILER_GLOBAL_ACCENT_COLOR_NAME = AccentColor;
				CODE_SIGN_STYLE = Automatic;
				CURRENT_PROJECT_VERSION = 1;
				DEVELOPMENT_ASSET_PATHS = "\"LeisurioApp/Preview Content\"";
				DEVELOPMENT_TEAM = BZU669X3M2;
				ENABLE_PREVIEWS = YES;
				GENERATE_INFOPLIST_FILE = YES;
				INFOPLIST_FILE = LeisurioApp/Info.plist;
				INFOPLIST_KEY_UIApplicationSceneManifest_Generation = YES;
				INFOPLIST_KEY_UIApplicationSupportsIndirectInputEvents = YES;
				INFOPLIST_KEY_UILaunchScreen_Generation = YES;
				INFOPLIST_KEY_UISupportedInterfaceOrientations_iPad = "UIInterfaceOrientationPortrait UIInterfaceOrientationPortraitUpsideDown UIInterfaceOrientationLandscapeLeft UIInterfaceOrientationLandscapeRight";
				INFOPLIST_KEY_UISupportedInterfaceOrientations_iPhone = "UIInterfaceOrientationPortrait UIInterfaceOrientationLandscapeLeft UIInterfaceOrientationLandscapeRight";
				LD_RUNPATH_SEARCH_PATHS = (
					"$(inherited)",
					"@executable_path/Frameworks",
				);
				MARKETING_VERSION = 1.0;
				PRODUCT_BUNDLE_IDENTIFIER = com.vladvelik.LeisurioApp;
				PRODUCT_NAME = "$(TARGET_NAME)";
				SWIFT_EMIT_LOC_STRINGS = YES;
				SWIFT_VERSION = 5.0;
				TARGETED_DEVICE_FAMILY = "1,2";
			};
			name = Release;
		};
/* End XCBuildConfiguration section */

/* Begin XCConfigurationList section */
		240428DD2A1399140019FBB5 /* Build configuration list for PBXProject "LeisurioApp" */ = {
			isa = XCConfigurationList;
			buildConfigurations = (
				240428EE2A13991C0019FBB5 /* Debug */,
				240428EF2A13991C0019FBB5 /* Release */,
			);
			defaultConfigurationIsVisible = 0;
			defaultConfigurationName = Release;
		};
		240428F02A13991C0019FBB5 /* Build configuration list for PBXNativeTarget "LeisurioApp" */ = {
			isa = XCConfigurationList;
			buildConfigurations = (
				240428F12A13991C0019FBB5 /* Debug */,
				240428F22A13991C0019FBB5 /* Release */,
			);
			defaultConfigurationIsVisible = 0;
			defaultConfigurationName = Release;
		};
/* End XCConfigurationList section */

/* Begin XCRemoteSwiftPackageReference section */
		240428F52A13A1D30019FBB5 /* XCRemoteSwiftPackageReference "firebase-ios-sdk" */ = {
			isa = XCRemoteSwiftPackageReference;
			repositoryURL = "https://github.com/firebase/firebase-ios-sdk";
			requirement = {
				kind = upToNextMajorVersion;
				minimumVersion = 10.0.0;
			};
		};
		2404290A2A15038E0019FBB5 /* XCRemoteSwiftPackageReference "GoogleSignIn-iOS" */ = {
			isa = XCRemoteSwiftPackageReference;
			repositoryURL = "https://github.com/google/GoogleSignIn-iOS.git";
			requirement = {
				kind = upToNextMajorVersion;
				minimumVersion = 7.0.0;
			};
		};
		240429712A1FBB930019FBB5 /* XCRemoteSwiftPackageReference "JTAppleCalendar" */ = {
			isa = XCRemoteSwiftPackageReference;
			repositoryURL = "https://github.com/patchthecode/JTAppleCalendar.git";
			requirement = {
				kind = upToNextMajorVersion;
				minimumVersion = 8.0.0;
			};
		};
/* End XCRemoteSwiftPackageReference section */

/* Begin XCSwiftPackageProductDependency section */
		240428F62A13A1D30019FBB5 /* FirebaseAnalytics */ = {
			isa = XCSwiftPackageProductDependency;
			package = 240428F52A13A1D30019FBB5 /* XCRemoteSwiftPackageReference "firebase-ios-sdk" */;
			productName = FirebaseAnalytics;
		};
		240428F82A13A1D30019FBB5 /* FirebaseAnalyticsSwift */ = {
			isa = XCSwiftPackageProductDependency;
			package = 240428F52A13A1D30019FBB5 /* XCRemoteSwiftPackageReference "firebase-ios-sdk" */;
			productName = FirebaseAnalyticsSwift;
		};
		240428FA2A13A1D30019FBB5 /* FirebaseAnalyticsWithoutAdIdSupport */ = {
			isa = XCSwiftPackageProductDependency;
			package = 240428F52A13A1D30019FBB5 /* XCRemoteSwiftPackageReference "firebase-ios-sdk" */;
			productName = FirebaseAnalyticsWithoutAdIdSupport;
		};
		2404290B2A15038F0019FBB5 /* GoogleSignIn */ = {
			isa = XCSwiftPackageProductDependency;
			package = 2404290A2A15038E0019FBB5 /* XCRemoteSwiftPackageReference "GoogleSignIn-iOS" */;
			productName = GoogleSignIn;
		};
		2404290D2A15038F0019FBB5 /* GoogleSignInSwift */ = {
			isa = XCSwiftPackageProductDependency;
			package = 2404290A2A15038E0019FBB5 /* XCRemoteSwiftPackageReference "GoogleSignIn-iOS" */;
			productName = GoogleSignInSwift;
		};
		2404294B2A1E96790019FBB5 /* FirebaseFirestore */ = {
			isa = XCSwiftPackageProductDependency;
			package = 240428F52A13A1D30019FBB5 /* XCRemoteSwiftPackageReference "firebase-ios-sdk" */;
			productName = FirebaseFirestore;
		};
		2404294D2A1E96790019FBB5 /* FirebaseFirestoreSwift */ = {
			isa = XCSwiftPackageProductDependency;
			package = 240428F52A13A1D30019FBB5 /* XCRemoteSwiftPackageReference "firebase-ios-sdk" */;
			productName = FirebaseFirestoreSwift;
		};
		24253ADD2A20D75E00E48764 /* FirebaseAuth */ = {
			isa = XCSwiftPackageProductDependency;
			package = 240428F52A13A1D30019FBB5 /* XCRemoteSwiftPackageReference "firebase-ios-sdk" */;
			productName = FirebaseAuth;
		};
/* End XCSwiftPackageProductDependency section */
	};
	rootObject = 240428DA2A1399140019FBB5 /* Project object */;
}
